
Microsoft Visual Studio Solution File, Format Version 12.00
# Visual Studio Version 16
VisualStudioVersion = 16.0.30128.36
MinimumVisualStudioVersion = 10.0.40219.1
Project("{9A19103F-16F7-4668-BE54-9A1E7A4F7556}") = "Darkengines.Expressions", "Darkengines.Expressions\Darkengines.Expressions.csproj", "{41C70BE3-D31B-49A7-80C8-A697E7F411D9}"
EndProject
Project("{9A19103F-16F7-4668-BE54-9A1E7A4F7556}") = "Darkengines.Expressions.Web", "Darkengines.Expressions.Web\Darkengines.Expressions.Web.csproj", "{08C1E9B5-20DD-425E-9C70-B31B78FC51F7}"
EndProject
Project("{2150E333-8FDC-42A3-9474-1A3956D46DE8}") = "Solution Items", "Solution Items", "{C9F75246-9C1D-48BD-97FF-7F9CEDEF075A}"
	ProjectSection(SolutionItems) = preProject
		.editorconfig = .editorconfig
	EndProjectSection
EndProject
Project("{9A19103F-16F7-4668-BE54-9A1E7A4F7556}") = "Darkengines.Expression.Sample", "Darkengines.Expression.Sample\Darkengines.Expression.Sample.csproj", "{2D3CEA0C-5266-4534-A909-B32CDE845F12}"
EndProject
Global
	GlobalSection(SolutionConfigurationPlatforms) = preSolution
		Debug|Any CPU = Debug|Any CPU
		Release|Any CPU = Release|Any CPU
	EndGlobalSection
	GlobalSection(ProjectConfigurationPlatforms) = postSolution
		{41C70BE3-D31B-49A7-80C8-A697E7F411D9}.Debug|Any CPU.ActiveCfg = Debug|Any CPU
		{41C70BE3-D31B-49A7-80C8-A697E7F411D9}.Debug|Any CPU.Build.0 = Debug|Any CPU
		{41C70BE3-D31B-49A7-80C8-A697E7F411D9}.Release|Any CPU.ActiveCfg = Release|Any CPU
		{41C70BE3-D31B-49A7-80C8-A697E7F411D9}.Release|Any CPU.Build.0 = Release|Any CPU
		{08C1E9B5-20DD-425E-9C70-B31B78FC51F7}.Debug|Any CPU.ActiveCfg = Debug|Any CPU
		{08C1E9B5-20DD-425E-9C70-B31B78FC51F7}.Debug|Any CPU.Build.0 = Debug|Any CPU
		{08C1E9B5-20DD-425E-9C70-B31B78FC51F7}.Release|Any CPU.ActiveCfg = Release|Any CPU
		{08C1E9B5-20DD-425E-9C70-B31B78FC51F7}.Release|Any CPU.Build.0 = Release|Any CPU
		{2D3CEA0C-5266-4534-A909-B32CDE845F12}.Debug|Any CPU.ActiveCfg = Debug|Any CPU
		{2D3CEA0C-5266-4534-A909-B32CDE845F12}.Debug|Any CPU.Build.0 = Debug|Any CPU
		{2D3CEA0C-5266-4534-A909-B32CDE845F12}.Release|Any CPU.ActiveCfg = Release|Any CPU
		{2D3CEA0C-5266-4534-A909-B32CDE845F12}.Release|Any CPU.Build.0 = Release|Any CPU
	EndGlobalSection
	GlobalSection(SolutionProperties) = preSolution
		HideSolutionNode = FALSE
	EndGlobalSection
	GlobalSection(ExtensibilityGlobals) = postSolution
		SolutionGuid = {F675D067-47F1-40C6-A945-7238C52D7B60}
	EndGlobalSection
EndGlobal
